
Microsoft Visual Studio Solution File, Format Version 12.00
# Visual Studio 15
VisualStudioVersion = 15.0.28010.2041
MinimumVisualStudioVersion = 10.0.40219.1
Project("{9A19103F-16F7-4668-BE54-9A1E7A4F7556}") = "Assignment2", "Assignment2.csproj", "{C9FB098A-054F-4786-8FB1-E901DD810872}"
EndProject
Global
	GlobalSection(SolutionConfigurationPlatforms) = preSolution
		Debug|Any CPU = Debug|Any CPU
		Release|Any CPU = Release|Any CPU
	EndGlobalSection
	GlobalSection(ProjectConfigurationPlatforms) = postSolution
		{C9FB098A-054F-4786-8FB1-E901DD810872}.Debug|Any CPU.ActiveCfg = Debug|Any CPU
		{C9FB098A-054F-4786-8FB1-E901DD810872}.Debug|Any CPU.Build.0 = Debug|Any CPU
		{C9FB098A-054F-4786-8FB1-E901DD810872}.Release|Any CPU.ActiveCfg = Release|Any CPU
		{C9FB098A-054F-4786-8FB1-E901DD810872}.Release|Any CPU.Build.0 = Release|Any CPU
	EndGlobalSection
	GlobalSection(SolutionProperties) = preSolution
		HideSolutionNode = FALSE
	EndGlobalSection
	GlobalSection(ExtensibilityGlobals) = postSolution
		SolutionGuid = {417A18FF-23BD-4B0B-AEC7-34B4CE7E1671}
	EndGlobalSection
EndGlobal
